# THIS IS AN AUTOGENERATED FILE. DO NOT EDIT THIS FILE DIRECTLY.
# yarn lockfile v1


govuk-frontend@^2.11.0:
  version "2.11.0"
  resolved "https://registry.yarnpkg.com/govuk-frontend/-/govuk-frontend-2.11.0.tgz#f9eb4497a55d22b7eab8364323266680e17be188"
  integrity sha512-kZR0ZrSju+Jqh8o5niKklj8/m5XmsNNUSQLL4M4urnMcrLypwW2dU3RkR8UCnzS2DDy4BTHb7CZw0VjQPoi3jg==
